# This file is automatically @generated by Poetry 1.8.2 and should not be changed by hand.

[[package]]
name = "gunicorn"
version = "23.0.0"
description = "WSGI HTTP Server for UNIX"
optional = false
python-versions = ">=3.7"
files = [
    {file = "gunicorn-23.0.0-py3-none-any.whl", hash = "sha256:ec400d38950de4dfd418cff8328b2c8faed0edb0d517d3394e457c317908ca4d"},
    {file = "gunicorn-23.0.0.tar.gz", hash = "sha256:f014447a0101dc57e294f6c18ca6b40227a4c90e9bdb586042628030cba004ec"},
]

[package.dependencies]
packaging = "*"

[package.extras]
eventlet = ["eventlet (>=0.24.1,!=0.36.0)"]
gevent = ["gevent (>=1.4.0)"]
setproctitle = ["setproctitle"]
testing = ["coverage", "eventlet", "gevent", "pytest", "pytest-cov"]
tornado = ["tornado (>=0.2)"]

[[package]]
name = "lespy"
version = "0.1.2"
description = "A small and robust micro Python framework for building simple and solid web apps."
optional = false
python-versions = ">=3.8"
files = [
    {file = "Lespy-0.1.2-py3-none-any.whl", hash = "sha256:899488ed5d0c82373c0fc1b8b4bc5a7b983fd47c553583efd926f13053b21a52"},
    {file = "Lespy-0.1.2.tar.gz", hash = "sha256:15c266c064c208b5ddb944027ea6ab7b8e9223b8ba583033b28378154fdac57c"},
]

[package.extras]
test = ["coverage", "pytest"]

[[package]]
name = "packaging"
version = "24.1"
description = "Core utilities for Python packages"
optional = false
python-versions = ">=3.8"
files = [
    {file = "packaging-24.1-py3-none-any.whl", hash = "sha256:5b8f2217dbdbd2f7f384c41c628544e6d52f2d0f53c6d0c3ea61aa5d1d7ff124"},
    {file = "packaging-24.1.tar.gz", hash = "sha256:026ed72c8ed3fcce5bf8950572258698927fd1dbda10a5e981cdf0ac37f4f002"},
]

[[package]]
name = "pyfunctools"
version = "0.7.0"
description = "pyfunctools - Functional programming toolkit"
optional = false
python-versions = "<4.0,>=3.8"
files = [
    {file = "pyfunctools-0.7.0-py3-none-any.whl", hash = "sha256:7c185d536ad0d6d940ab7e69a9567ecb6af6edd8fbaba4356e5a60aa195d43a6"},
    {file = "pyfunctools-0.7.0.tar.gz", hash = "sha256:f3496765a193723967524a364092a92ba381b38496a0ca83507289718bb337ee"},
]

[metadata]
lock-version = "2.0"
python-versions = "^3.10"
content-hash = "6997a3f051bcb62cc8f8836b84881f4938ae04821d176c93ac8f970091066004"
